
Microsoft Visual Studio Solution File, Format Version 12.00
# Visual Studio Version 17
VisualStudioVersion = 17.3.32901.215
MinimumVisualStudioVersion = 10.0.40219.1
Project("{FAE04EC0-301F-11D3-BF4B-00C04F79EFBC}") = "PortfolioSheets", "PortfolioSheets\PortfolioSheets.csproj", "{DBF5795D-6915-40C0-9EF0-0AC0E4A0F277}"
EndProject
Global
	GlobalSection(SolutionConfigurationPlatforms) = preSolution
		Debug|Any CPU = Debug|Any CPU
		Release|Any CPU = Release|Any CPU
	EndGlobalSection
	GlobalSection(ProjectConfigurationPlatforms) = postSolution
		{DBF5795D-6915-40C0-9EF0-0AC0E4A0F277}.Debug|Any CPU.ActiveCfg = Debug|Any CPU
		{DBF5795D-6915-40C0-9EF0-0AC0E4A0F277}.Debug|Any CPU.Build.0 = Debug|Any CPU
		{DBF5795D-6915-40C0-9EF0-0AC0E4A0F277}.Release|Any CPU.ActiveCfg = Release|Any CPU
		{DBF5795D-6915-40C0-9EF0-0AC0E4A0F277}.Release|Any CPU.Build.0 = Release|Any CPU
	EndGlobalSection
	GlobalSection(SolutionProperties) = preSolution
		HideSolutionNode = FALSE
	EndGlobalSection
	GlobalSection(ExtensibilityGlobals) = postSolution
		SolutionGuid = {1DF3E945-AA8C-43A3-8D32-5CA6AE06C4CA}
	EndGlobalSection
EndGlobal
